
Microsoft Visual Studio Solution File, Format Version 12.00
Project("{FAE04EC0-301F-11D3-BF4B-00C04F79EFBC}") = "AoC_1b", "AoC_1b.csproj", "{7DE69252-A80B-4E2C-BC87-08C109F63ACB}"
EndProject
Global
	GlobalSection(SolutionConfigurationPlatforms) = preSolution
		Debug|Any CPU = Debug|Any CPU
		Release|Any CPU = Release|Any CPU
	EndGlobalSection
	GlobalSection(ProjectConfigurationPlatforms) = postSolution
		{7DE69252-A80B-4E2C-BC87-08C109F63ACB}.Debug|Any CPU.ActiveCfg = Debug|Any CPU
		{7DE69252-A80B-4E2C-BC87-08C109F63ACB}.Debug|Any CPU.Build.0 = Debug|Any CPU
		{7DE69252-A80B-4E2C-BC87-08C109F63ACB}.Release|Any CPU.ActiveCfg = Release|Any CPU
		{7DE69252-A80B-4E2C-BC87-08C109F63ACB}.Release|Any CPU.Build.0 = Release|Any CPU
	EndGlobalSection
EndGlobal
